
Microsoft Visual Studio Solution File, Format Version 12.00
# Visual Studio Version 17
VisualStudioVersion = 17.5.33424.131
MinimumVisualStudioVersion = 10.0.40219.1
Project("{9A19103F-16F7-4668-BE54-9A1E7A4F7556}") = "MASA.IoT.UI", "MASA.IoT.UI\MASA.IoT.UI.csproj", "{1B893DD7-E48F-4761-884C-1B740045F2CD}"
EndProject
Project("{9A19103F-16F7-4668-BE54-9A1E7A4F7556}") = "MASA.IoT.Core", "MASA.IoT.Core\MASA.IoT.Core.csproj", "{2BB7EE8A-E438-4F54-9B59-7588E628E484}"
EndProject
Project("{9A19103F-16F7-4668-BE54-9A1E7A4F7556}") = "MASA.IoT.Common", "MASA.IoT.Common\MASA.IoT.Common.csproj", "{19CDF082-7568-4EA9-9582-59366668E46A}"
EndProject
Project("{9A19103F-16F7-4668-BE54-9A1E7A4F7556}") = "MASA.IoT.Hub", "MASA.IoT.Hub\MASA.IoT.Hub.csproj", "{8C871531-279B-4A18-B33C-BD49CECD1C7C}"
EndProject
Project("{FAE04EC0-301F-11D3-BF4B-00C04F79EFBC}") = "MASA.IoT.CoreTests", "MASA.IoT.CoreTests\MASA.IoT.CoreTests.csproj", "{131BDA25-5122-4017-B832-7A74534F1CB2}"
EndProject
Global
	GlobalSection(SolutionConfigurationPlatforms) = preSolution
		Debug|Any CPU = Debug|Any CPU
		Release|Any CPU = Release|Any CPU
	EndGlobalSection
	GlobalSection(ProjectConfigurationPlatforms) = postSolution
		{1B893DD7-E48F-4761-884C-1B740045F2CD}.Debug|Any CPU.ActiveCfg = Debug|Any CPU
		{1B893DD7-E48F-4761-884C-1B740045F2CD}.Debug|Any CPU.Build.0 = Debug|Any CPU
		{1B893DD7-E48F-4761-884C-1B740045F2CD}.Release|Any CPU.ActiveCfg = Release|Any CPU
		{1B893DD7-E48F-4761-884C-1B740045F2CD}.Release|Any CPU.Build.0 = Release|Any CPU
		{2BB7EE8A-E438-4F54-9B59-7588E628E484}.Debug|Any CPU.ActiveCfg = Debug|Any CPU
		{2BB7EE8A-E438-4F54-9B59-7588E628E484}.Debug|Any CPU.Build.0 = Debug|Any CPU
		{2BB7EE8A-E438-4F54-9B59-7588E628E484}.Release|Any CPU.ActiveCfg = Release|Any CPU
		{2BB7EE8A-E438-4F54-9B59-7588E628E484}.Release|Any CPU.Build.0 = Release|Any CPU
		{19CDF082-7568-4EA9-9582-59366668E46A}.Debug|Any CPU.ActiveCfg = Debug|Any CPU
		{19CDF082-7568-4EA9-9582-59366668E46A}.Debug|Any CPU.Build.0 = Debug|Any CPU
		{19CDF082-7568-4EA9-9582-59366668E46A}.Release|Any CPU.ActiveCfg = Release|Any CPU
		{19CDF082-7568-4EA9-9582-59366668E46A}.Release|Any CPU.Build.0 = Release|Any CPU
		{8C871531-279B-4A18-B33C-BD49CECD1C7C}.Debug|Any CPU.ActiveCfg = Debug|Any CPU
		{8C871531-279B-4A18-B33C-BD49CECD1C7C}.Debug|Any CPU.Build.0 = Debug|Any CPU
		{8C871531-279B-4A18-B33C-BD49CECD1C7C}.Release|Any CPU.ActiveCfg = Release|Any CPU
		{8C871531-279B-4A18-B33C-BD49CECD1C7C}.Release|Any CPU.Build.0 = Release|Any CPU
		{131BDA25-5122-4017-B832-7A74534F1CB2}.Debug|Any CPU.ActiveCfg = Debug|Any CPU
		{131BDA25-5122-4017-B832-7A74534F1CB2}.Debug|Any CPU.Build.0 = Debug|Any CPU
		{131BDA25-5122-4017-B832-7A74534F1CB2}.Release|Any CPU.ActiveCfg = Release|Any CPU
		{131BDA25-5122-4017-B832-7A74534F1CB2}.Release|Any CPU.Build.0 = Release|Any CPU
	EndGlobalSection
	GlobalSection(SolutionProperties) = preSolution
		HideSolutionNode = FALSE
	EndGlobalSection
	GlobalSection(ExtensibilityGlobals) = postSolution
		SolutionGuid = {E5EF4251-AC20-441F-B8FA-D8439A426876}
	EndGlobalSection
EndGlobal
